// !$*UTF8*$!
{
	archiveVersion = 1;
	classes = {
	};
	objectVersion = 77;
	objects = {

/* Begin PBXBuildFile section */
		DD9B71862DFA779B0055324D /* GoogleSignIn in Frameworks */ = {isa = PBXBuildFile; productRef = DD9B71852DFA779B0055324D /* GoogleSignIn */; };
		DD9B71882DFA779B0055324D /* GoogleSignInSwift in Frameworks */ = {isa = PBXBuildFile; productRef = DD9B71872DFA779B0055324D /* GoogleSignInSwift */; };
		DD9B71942DFA7CC00055324D /* Auth in Frameworks */ = {isa = PBXBuildFile; productRef = DD9B71932DFA7CC00055324D /* Auth */; };
		DD9B71962DFA7CC00055324D /* Functions in Frameworks */ = {isa = PBXBuildFile; productRef = DD9B71952DFA7CC00055324D /* Functions */; };
		DD9B71982DFA7CC00055324D /* PostgREST in Frameworks */ = {isa = PBXBuildFile; productRef = DD9B71972DFA7CC00055324D /* PostgREST */; };
		DD9B719A2DFA7CC00055324D /* Realtime in Frameworks */ = {isa = PBXBuildFile; productRef = DD9B71992DFA7CC00055324D /* Realtime */; };
		DD9B719C2DFA7CC00055324D /* Storage in Frameworks */ = {isa = PBXBuildFile; productRef = DD9B719B2DFA7CC00055324D /* Storage */; };
		DD9B719E2DFA7DA40055324D /* Supabase in Frameworks */ = {isa = PBXBuildFile; productRef = DD9B719D2DFA7DA40055324D /* Supabase */; };
/* End PBXBuildFile section */

/* Begin PBXContainerItemProxy section */
		DD9B710B2DFA6A510055324D /* PBXContainerItemProxy */ = {
			isa = PBXContainerItemProxy;
			containerPortal = DD9B70F22DFA6A500055324D /* Project object */;
			proxyType = 1;
			remoteGlobalIDString = DD9B70F92DFA6A500055324D;
			remoteInfo = Saga;
		};
		DD9B71152DFA6A510055324D /* PBXContainerItemProxy */ = {
			isa = PBXContainerItemProxy;
			containerPortal = DD9B70F22DFA6A500055324D /* Project object */;
			proxyType = 1;
			remoteGlobalIDString = DD9B70F92DFA6A500055324D;
			remoteInfo = Saga;
		};
/* End PBXContainerItemProxy section */

/* Begin PBXFileReference section */
		DD9B70FA2DFA6A500055324D /* Saga.app */ = {isa = PBXFileReference; explicitFileType = wrapper.application; includeInIndex = 0; path = Saga.app; sourceTree = BUILT_PRODUCTS_DIR; };
		DD9B710A2DFA6A510055324D /* SagaTests.xctest */ = {isa = PBXFileReference; explicitFileType = wrapper.cfbundle; includeInIndex = 0; path = SagaTests.xctest; sourceTree = BUILT_PRODUCTS_DIR; };
		DD9B71142DFA6A510055324D /* SagaUITests.xctest */ = {isa = PBXFileReference; explicitFileType = wrapper.cfbundle; includeInIndex = 0; path = SagaUITests.xctest; sourceTree = BUILT_PRODUCTS_DIR; };
/* End PBXFileReference section */

/* Begin PBXFileSystemSynchronizedRootGroup section */
		DD9B70FC2DFA6A500055324D /* Saga */ = {
			isa = PBXFileSystemSynchronizedRootGroup;
			path = Saga;
			sourceTree = "<group>";
		};
		DD9B710D2DFA6A510055324D /* SagaTests */ = {
			isa = PBXFileSystemSynchronizedRootGroup;
			path = SagaTests;
			sourceTree = "<group>";
		};
		DD9B71172DFA6A510055324D /* SagaUITests */ = {
			isa = PBXFileSystemSynchronizedRootGroup;
			path = SagaUITests;
			sourceTree = "<group>";
		};
/* End PBXFileSystemSynchronizedRootGroup section */

/* Begin PBXFrameworksBuildPhase section */
		DD9B70F72DFA6A500055324D /* Frameworks */ = {
			isa = PBXFrameworksBuildPhase;
			buildActionMask = 2147483647;
			files = (
				DD9B71862DFA779B0055324D /* GoogleSignIn in Frameworks */,
				DD9B71882DFA779B0055324D /* GoogleSignInSwift in Frameworks */,
				DD9B719C2DFA7CC00055324D /* Storage in Frameworks */,
				DD9B71962DFA7CC00055324D /* Functions in Frameworks */,
				DD9B719E2DFA7DA40055324D /* Supabase in Frameworks */,
				DD9B719A2DFA7CC00055324D /* Realtime in Frameworks */,
				DD9B71942DFA7CC00055324D /* Auth in Frameworks */,
				DD9B71982DFA7CC00055324D /* PostgREST in Frameworks */,
			);
			runOnlyForDeploymentPostprocessing = 0;
		};
		DD9B71072DFA6A510055324D /* Frameworks */ = {
			isa = PBXFrameworksBuildPhase;
			buildActionMask = 2147483647;
			files = (
			);
			runOnlyForDeploymentPostprocessing = 0;
		};
		DD9B71112DFA6A510055324D /* Frameworks */ = {
			isa = PBXFrameworksBuildPhase;
			buildActionMask = 2147483647;
			files = (
			);
			runOnlyForDeploymentPostprocessing = 0;
		};
/* End PBXFrameworksBuildPhase section */

/* Begin PBXGroup section */
		DD9B70F12DFA6A500055324D = {
			isa = PBXGroup;
			children = (
				DD9B70FC2DFA6A500055324D /* Saga */,
				DD9B710D2DFA6A510055324D /* SagaTests */,
				DD9B71172DFA6A510055324D /* SagaUITests */,
				DD9B70FB2DFA6A500055324D /* Products */,
			);
			sourceTree = "<group>";
		};
		DD9B70FB2DFA6A500055324D /* Products */ = {
			isa = PBXGroup;
			children = (
				DD9B70FA2DFA6A500055324D /* Saga.app */,
				DD9B710A2DFA6A510055324D /* SagaTests.xctest */,
				DD9B71142DFA6A510055324D /* SagaUITests.xctest */,
			);
			name = Products;
			sourceTree = "<group>";
		};
/* End PBXGroup section */

/* Begin PBXNativeTarget section */
		DD9B70F92DFA6A500055324D /* Saga */ = {
			isa = PBXNativeTarget;
			buildConfigurationList = DD9B711E2DFA6A510055324D /* Build configuration list for PBXNativeTarget "Saga" */;
			buildPhases = (
				DD9B70F62DFA6A500055324D /* Sources */,
				DD9B70F72DFA6A500055324D /* Frameworks */,
				DD9B70F82DFA6A500055324D /* Resources */,
			);
			buildRules = (
			);
			dependencies = (
			);
			fileSystemSynchronizedGroups = (
				DD9B70FC2DFA6A500055324D /* Saga */,
			);
			name = Saga;
			packageProductDependencies = (
				DD9B71852DFA779B0055324D /* GoogleSignIn */,
				DD9B71872DFA779B0055324D /* GoogleSignInSwift */,
				DD9B71932DFA7CC00055324D /* Auth */,
				DD9B71952DFA7CC00055324D /* Functions */,
				DD9B71972DFA7CC00055324D /* PostgREST */,
				DD9B71992DFA7CC00055324D /* Realtime */,
				DD9B719B2DFA7CC00055324D /* Storage */,
				DD9B719D2DFA7DA40055324D /* Supabase */,
			);
			productName = Saga;
			productReference = DD9B70FA2DFA6A500055324D /* Saga.app */;
			productType = "com.apple.product-type.application";
		};
		DD9B71092DFA6A510055324D /* SagaTests */ = {
			isa = PBXNativeTarget;
			buildConfigurationList = DD9B71212DFA6A510055324D /* Build configuration list for PBXNativeTarget "SagaTests" */;
			buildPhases = (
				DD9B71062DFA6A510055324D /* Sources */,
				DD9B71072DFA6A510055324D /* Frameworks */,
				DD9B71082DFA6A510055324D /* Resources */,
			);
			buildRules = (
			);
			dependencies = (
				DD9B710C2DFA6A510055324D /* PBXTargetDependency */,
			);
			fileSystemSynchronizedGroups = (
				DD9B710D2DFA6A510055324D /* SagaTests */,
			);
			name = SagaTests;
			packageProductDependencies = (
			);
			productName = SagaTests;
			productReference = DD9B710A2DFA6A510055324D /* SagaTests.xctest */;
			productType = "com.apple.product-type.bundle.unit-test";
		};
		DD9B71132DFA6A510055324D /* SagaUITests */ = {
			isa = PBXNativeTarget;
			buildConfigurationList = DD9B71242DFA6A510055324D /* Build configuration list for PBXNativeTarget "SagaUITests" */;
			buildPhases = (
				DD9B71102DFA6A510055324D /* Sources */,
				DD9B71112DFA6A510055324D /* Frameworks */,
				DD9B71122DFA6A510055324D /* Resources */,
			);
			buildRules = (
			);
			dependencies = (
				DD9B71162DFA6A510055324D /* PBXTargetDependency */,
			);
			fileSystemSynchronizedGroups = (
				DD9B71172DFA6A510055324D /* SagaUITests */,
			);
			name = SagaUITests;
			packageProductDependencies = (
			);
			productName = SagaUITests;
			productReference = DD9B71142DFA6A510055324D /* SagaUITests.xctest */;
			productType = "com.apple.product-type.bundle.ui-testing";
		};
/* End PBXNativeTarget section */

/* Begin PBXProject section */
		DD9B70F22DFA6A500055324D /* Project object */ = {
			isa = PBXProject;
			attributes = {
				BuildIndependentTargetsInParallel = 1;
				LastSwiftUpdateCheck = 1620;
				LastUpgradeCheck = 1620;
				TargetAttributes = {
					DD9B70F92DFA6A500055324D = {
						CreatedOnToolsVersion = 16.2;
					};
					DD9B71092DFA6A510055324D = {
						CreatedOnToolsVersion = 16.2;
						TestTargetID = DD9B70F92DFA6A500055324D;
					};
					DD9B71132DFA6A510055324D = {
						CreatedOnToolsVersion = 16.2;
						TestTargetID = DD9B70F92DFA6A500055324D;
					};
				};
			};
			buildConfigurationList = DD9B70F52DFA6A500055324D /* Build configuration list for PBXProject "Saga" */;
			developmentRegion = en;
			hasScannedForEncodings = 0;
			knownRegions = (
				en,
				Base,
			);
			mainGroup = DD9B70F12DFA6A500055324D;
			minimizedProjectReferenceProxies = 1;
			packageReferences = (
				DD9B71842DFA779B0055324D /* XCRemoteSwiftPackageReference "GoogleSignIn-iOS" */,
				DD9B71922DFA7CC00055324D /* XCRemoteSwiftPackageReference "supabase-swift" */,
			);
			preferredProjectObjectVersion = 77;
			productRefGroup = DD9B70FB2DFA6A500055324D /* Products */;
			projectDirPath = "";
			projectRoot = "";
			targets = (
				DD9B70F92DFA6A500055324D /* Saga */,
				DD9B71092DFA6A510055324D /* SagaTests */,
				DD9B71132DFA6A510055324D /* SagaUITests */,
			);
		};
/* End PBXProject section */

/* Begin PBXResourcesBuildPhase section */
		DD9B70F82DFA6A500055324D /* Resources */ = {
			isa = PBXResourcesBuildPhase;
			buildActionMask = 2147483647;
			files = (
			);
			runOnlyForDeploymentPostprocessing = 0;
		};
		DD9B71082DFA6A510055324D /* Resources */ = {
			isa = PBXResourcesBuildPhase;
			buildActionMask = 2147483647;
			files = (
			);
			runOnlyForDeploymentPostprocessing = 0;
		};
		DD9B71122DFA6A510055324D /* Resources */ = {
			isa = PBXResourcesBuildPhase;
			buildActionMask = 2147483647;
			files = (
			);
			runOnlyForDeploymentPostprocessing = 0;
		};
/* End PBXResourcesBuildPhase section */

/* Begin PBXSourcesBuildPhase section */
		DD9B70F62DFA6A500055324D /* Sources */ = {
			isa = PBXSourcesBuildPhase;
			buildActionMask = 2147483647;
			files = (
			);
			runOnlyForDeploymentPostprocessing = 0;
		};
		DD9B71062DFA6A510055324D /* Sources */ = {
			isa = PBXSourcesBuildPhase;
			buildActionMask = 2147483647;
			files = (
			);
			runOnlyForDeploymentPostprocessing = 0;
		};
		DD9B71102DFA6A510055324D /* Sources */ = {
			isa = PBXSourcesBuildPhase;
			buildActionMask = 2147483647;
			files = (
			);
			runOnlyForDeploymentPostprocessing = 0;
		};
/* End PBXSourcesBuildPhase section */

/* Begin PBXTargetDependency section */
		DD9B710C2DFA6A510055324D /* PBXTargetDependency */ = {
			isa = PBXTargetDependency;
			target = DD9B70F92DFA6A500055324D /* Saga */;
			targetProxy = DD9B710B2DFA6A510055324D /* PBXContainerItemProxy */;
		};
		DD9B71162DFA6A510055324D /* PBXTargetDependency */ = {
			isa = PBXTargetDependency;
			target = DD9B70F92DFA6A500055324D /* Saga */;
			targetProxy = DD9B71152DFA6A510055324D /* PBXContainerItemProxy */;
		};
/* End PBXTargetDependency section */

/* Begin XCBuildConfiguration section */
		DD9B711C2DFA6A510055324D /* Debug */ = {
			isa = XCBuildConfiguration;
			buildSettings = {
				ALWAYS_SEARCH_USER_PATHS = NO;
				ASSETCATALOG_COMPILER_GENERATE_SWIFT_ASSET_SYMBOL_EXTENSIONS = YES;
				CLANG_ANALYZER_NONNULL = YES;
				CLANG_ANALYZER_NUMBER_OBJECT_CONVERSION = YES_AGGRESSIVE;
				CLANG_CXX_LANGUAGE_STANDARD = "gnu++20";
				CLANG_ENABLE_MODULES = YES;
				CLANG_ENABLE_OBJC_ARC = YES;
				CLANG_ENABLE_OBJC_WEAK = YES;
				CLANG_WARN_BLOCK_CAPTURE_AUTORELEASING = YES;
				CLANG_WARN_BOOL_CONVERSION = YES;
				CLANG_WARN_COMMA = YES;
				CLANG_WARN_CONSTANT_CONVERSION = YES;
				CLANG_WARN_DEPRECATED_OBJC_IMPLEMENTATIONS = YES;
				CLANG_WARN_DIRECT_OBJC_ISA_USAGE = YES_ERROR;
				CLANG_WARN_DOCUMENTATION_COMMENTS = YES;
				CLANG_WARN_EMPTY_BODY = YES;
				CLANG_WARN_ENUM_CONVERSION = YES;
				CLANG_WARN_INFINITE_RECURSION = YES;
				CLANG_WARN_INT_CONVERSION = YES;
				CLANG_WARN_NON_LITERAL_NULL_CONVERSION = YES;
				CLANG_WARN_OBJC_IMPLICIT_RETAIN_SELF = YES;
				CLANG_WARN_OBJC_LITERAL_CONVERSION = YES;
				CLANG_WARN_OBJC_ROOT_CLASS = YES_ERROR;
				CLANG_WARN_QUOTED_INCLUDE_IN_FRAMEWORK_HEADER = YES;
				CLANG_WARN_RANGE_LOOP_ANALYSIS = YES;
				CLANG_WARN_STRICT_PROTOTYPES = YES;
				CLANG_WARN_SUSPICIOUS_MOVE = YES;
				CLANG_WARN_UNGUARDED_AVAILABILITY = YES_AGGRESSIVE;
				CLANG_WARN_UNREACHABLE_CODE = YES;
				CLANG_WARN__DUPLICATE_METHOD_MATCH = YES;
				COPY_PHASE_STRIP = NO;
				DEBUG_INFORMATION_FORMAT = dwarf;
				ENABLE_STRICT_OBJC_MSGSEND = YES;
				ENABLE_TESTABILITY = YES;
				ENABLE_USER_SCRIPT_SANDBOXING = YES;
				GCC_C_LANGUAGE_STANDARD = gnu17;
				GCC_DYNAMIC_NO_PIC = NO;
				GCC_NO_COMMON_BLOCKS = YES;
				GCC_OPTIMIZATION_LEVEL = 0;
				GCC_PREPROCESSOR_DEFINITIONS = (
					"DEBUG=1",
					"$(inherited)",
				);
				GCC_WARN_64_TO_32_BIT_CONVERSION = YES;
				GCC_WARN_ABOUT_RETURN_TYPE = YES_ERROR;
				GCC_WARN_UNDECLARED_SELECTOR = YES;
				GCC_WARN_UNINITIALIZED_AUTOS = YES_AGGRESSIVE;
				GCC_WARN_UNUSED_FUNCTION = YES;
				GCC_WARN_UNUSED_VARIABLE = YES;
				IPHONEOS_DEPLOYMENT_TARGET = 18.2;
				LOCALIZATION_PREFERS_STRING_CATALOGS = YES;
				MTL_ENABLE_DEBUG_INFO = INCLUDE_SOURCE;
				MTL_FAST_MATH = YES;
				ONLY_ACTIVE_ARCH = YES;
				SDKROOT = iphoneos;
				SWIFT_ACTIVE_COMPILATION_CONDITIONS = "DEBUG $(inherited)";
				SWIFT_OPTIMIZATION_LEVEL = "-Onone";
			};
			name = Debug;
		};
		DD9B711D2DFA6A510055324D /* Release */ = {
			isa = XCBuildConfiguration;
			buildSettings = {
				ALWAYS_SEARCH_USER_PATHS = NO;
				ASSETCATALOG_COMPILER_GENERATE_SWIFT_ASSET_SYMBOL_EXTENSIONS = YES;
				CLANG_ANALYZER_NONNULL = YES;
				CLANG_ANALYZER_NUMBER_OBJECT_CONVERSION = YES_AGGRESSIVE;
				CLANG_CXX_LANGUAGE_STANDARD = "gnu++20";
				CLANG_ENABLE_MODULES = YES;
				CLANG_ENABLE_OBJC_ARC = YES;
				CLANG_ENABLE_OBJC_WEAK = YES;
				CLANG_WARN_BLOCK_CAPTURE_AUTORELEASING = YES;
				CLANG_WARN_BOOL_CONVERSION = YES;
				CLANG_WARN_COMMA = YES;
				CLANG_WARN_CONSTANT_CONVERSION = YES;
				CLANG_WARN_DEPRECATED_OBJC_IMPLEMENTATIONS = YES;
				CLANG_WARN_DIRECT_OBJC_ISA_USAGE = YES_ERROR;
				CLANG_WARN_DOCUMENTATION_COMMENTS = YES;
				CLANG_WARN_EMPTY_BODY = YES;
				CLANG_WARN_ENUM_CONVERSION = YES;
				CLANG_WARN_INFINITE_RECURSION = YES;
				CLANG_WARN_INT_CONVERSION = YES;
				CLANG_WARN_NON_LITERAL_NULL_CONVERSION = YES;
				CLANG_WARN_OBJC_IMPLICIT_RETAIN_SELF = YES;
				CLANG_WARN_OBJC_LITERAL_CONVERSION = YES;
				CLANG_WARN_OBJC_ROOT_CLASS = YES_ERROR;
				CLANG_WARN_QUOTED_INCLUDE_IN_FRAMEWORK_HEADER = YES;
				CLANG_WARN_RANGE_LOOP_ANALYSIS = YES;
				CLANG_WARN_STRICT_PROTOTYPES = YES;
				CLANG_WARN_SUSPICIOUS_MOVE = YES;
				CLANG_WARN_UNGUARDED_AVAILABILITY = YES_AGGRESSIVE;
				CLANG_WARN_UNREACHABLE_CODE = YES;
				CLANG_WARN__DUPLICATE_METHOD_MATCH = YES;
				COPY_PHASE_STRIP = NO;
				DEBUG_INFORMATION_FORMAT = "dwarf-with-dsym";
				ENABLE_NS_ASSERTIONS = NO;
				ENABLE_STRICT_OBJC_MSGSEND = YES;
				ENABLE_USER_SCRIPT_SANDBOXING = YES;
				GCC_C_LANGUAGE_STANDARD = gnu17;
				GCC_NO_COMMON_BLOCKS = YES;
				GCC_WARN_64_TO_32_BIT_CONVERSION = YES;
				GCC_WARN_ABOUT_RETURN_TYPE = YES_ERROR;
				GCC_WARN_UNDECLARED_SELECTOR = YES;
				GCC_WARN_UNINITIALIZED_AUTOS = YES_AGGRESSIVE;
				GCC_WARN_UNUSED_FUNCTION = YES;
				GCC_WARN_UNUSED_VARIABLE = YES;
				IPHONEOS_DEPLOYMENT_TARGET = 18.2;
				LOCALIZATION_PREFERS_STRING_CATALOGS = YES;
				MTL_ENABLE_DEBUG_INFO = NO;
				MTL_FAST_MATH = YES;
				SDKROOT = iphoneos;
				SWIFT_COMPILATION_MODE = wholemodule;
				VALIDATE_PRODUCT = YES;
			};
			name = Release;
		};
		DD9B711F2DFA6A510055324D /* Debug */ = {
			isa = XCBuildConfiguration;
			buildSettings = {
				ASSETCATALOG_COMPILER_APPICON_NAME = AppIcon;
				ASSETCATALOG_COMPILER_GLOBAL_ACCENT_COLOR_NAME = AccentColor;
				CODE_SIGN_STYLE = Automatic;
				CURRENT_PROJECT_VERSION = 1;
				DEVELOPMENT_ASSET_PATHS = "\"Saga/Preview Content\"";
				DEVELOPMENT_TEAM = 3XC45YN296;
				ENABLE_PREVIEWS = YES;
				GENERATE_INFOPLIST_FILE = YES;
				INFOPLIST_KEY_CFBundleDisplayName = Saga;
				INFOPLIST_KEY_NSAppleMusicUsageDescription = "This app accesses and saves media in your photo library.";
				INFOPLIST_KEY_UIApplicationSceneManifest_Generation = YES;
				INFOPLIST_KEY_UIApplicationSupportsIndirectInputEvents = YES;
				INFOPLIST_KEY_UILaunchScreen_Generation = YES;
				INFOPLIST_KEY_UISupportedInterfaceOrientations_iPad = "UIInterfaceOrientationPortrait UIInterfaceOrientationPortraitUpsideDown UIInterfaceOrientationLandscapeLeft UIInterfaceOrientationLandscapeRight";
				INFOPLIST_KEY_UISupportedInterfaceOrientations_iPhone = "UIInterfaceOrientationPortrait UIInterfaceOrientationLandscapeLeft UIInterfaceOrientationLandscapeRight";
				LD_RUNPATH_SEARCH_PATHS = (
					"$(inherited)",
					"@executable_path/Frameworks",
				);
				MARKETING_VERSION = 1.0;
				PRODUCT_BUNDLE_IDENTIFIER = com.kungminlin.Saga;
				PRODUCT_NAME = "$(TARGET_NAME)";
				SWIFT_EMIT_LOC_STRINGS = YES;
				SWIFT_VERSION = 5.0;
				TARGETED_DEVICE_FAMILY = "1,2";
			};
			name = Debug;
		};
		DD9B71202DFA6A510055324D /* Release */ = {
			isa = XCBuildConfiguration;
			buildSettings = {
				ASSETCATALOG_COMPILER_APPICON_NAME = AppIcon;
				ASSETCATALOG_COMPILER_GLOBAL_ACCENT_COLOR_NAME = AccentColor;
				CODE_SIGN_STYLE = Automatic;
				CURRENT_PROJECT_VERSION = 1;
				DEVELOPMENT_ASSET_PATHS = "\"Saga/Preview Content\"";
				DEVELOPMENT_TEAM = 3XC45YN296;
				ENABLE_PREVIEWS = YES;
				GENERATE_INFOPLIST_FILE = YES;
				INFOPLIST_KEY_CFBundleDisplayName = Saga;
				INFOPLIST_KEY_NSAppleMusicUsageDescription = "This app accesses and saves media in your photo library.";
				INFOPLIST_KEY_UIApplicationSceneManifest_Generation = YES;
				INFOPLIST_KEY_UIApplicationSupportsIndirectInputEvents = YES;
				INFOPLIST_KEY_UILaunchScreen_Generation = YES;
				INFOPLIST_KEY_UISupportedInterfaceOrientations_iPad = "UIInterfaceOrientationPortrait UIInterfaceOrientationPortraitUpsideDown UIInterfaceOrientationLandscapeLeft UIInterfaceOrientationLandscapeRight";
				INFOPLIST_KEY_UISupportedInterfaceOrientations_iPhone = "UIInterfaceOrientationPortrait UIInterfaceOrientationLandscapeLeft UIInterfaceOrientationLandscapeRight";
				LD_RUNPATH_SEARCH_PATHS = (
					"$(inherited)",
					"@executable_path/Frameworks",
				);
				MARKETING_VERSION = 1.0;
				PRODUCT_BUNDLE_IDENTIFIER = com.kungminlin.Saga;
				PRODUCT_NAME = "$(TARGET_NAME)";
				SWIFT_EMIT_LOC_STRINGS = YES;
				SWIFT_VERSION = 5.0;
				TARGETED_DEVICE_FAMILY = "1,2";
			};
			name = Release;
		};
		DD9B71222DFA6A510055324D /* Debug */ = {
			isa = XCBuildConfiguration;
			buildSettings = {
				BUNDLE_LOADER = "$(TEST_HOST)";
				CODE_SIGN_STYLE = Automatic;
				CURRENT_PROJECT_VERSION = 1;
				DEVELOPMENT_TEAM = 3XC45YN296;
				GENERATE_INFOPLIST_FILE = YES;
				IPHONEOS_DEPLOYMENT_TARGET = 18.2;
				MARKETING_VERSION = 1.0;
				PRODUCT_BUNDLE_IDENTIFIER = com.kungminlin.SagaTests;
				PRODUCT_NAME = "$(TARGET_NAME)";
				SWIFT_EMIT_LOC_STRINGS = NO;
				SWIFT_VERSION = 5.0;
				TARGETED_DEVICE_FAMILY = "1,2";
				TEST_HOST = "$(BUILT_PRODUCTS_DIR)/Saga.app/$(BUNDLE_EXECUTABLE_FOLDER_PATH)/Saga";
			};
			name = Debug;
		};
		DD9B71232DFA6A510055324D /* Release */ = {
			isa = XCBuildConfiguration;
			buildSettings = {
				BUNDLE_LOADER = "$(TEST_HOST)";
				CODE_SIGN_STYLE = Automatic;
				CURRENT_PROJECT_VERSION = 1;
				DEVELOPMENT_TEAM = 3XC45YN296;
				GENERATE_INFOPLIST_FILE = YES;
				IPHONEOS_DEPLOYMENT_TARGET = 18.2;
				MARKETING_VERSION = 1.0;
				PRODUCT_BUNDLE_IDENTIFIER = com.kungminlin.SagaTests;
				PRODUCT_NAME = "$(TARGET_NAME)";
				SWIFT_EMIT_LOC_STRINGS = NO;
				SWIFT_VERSION = 5.0;
				TARGETED_DEVICE_FAMILY = "1,2";
				TEST_HOST = "$(BUILT_PRODUCTS_DIR)/Saga.app/$(BUNDLE_EXECUTABLE_FOLDER_PATH)/Saga";
			};
			name = Release;
		};
		DD9B71252DFA6A510055324D /* Debug */ = {
			isa = XCBuildConfiguration;
			buildSettings = {
				CODE_SIGN_STYLE = Automatic;
				CURRENT_PROJECT_VERSION = 1;
				DEVELOPMENT_TEAM = 3XC45YN296;
				GENERATE_INFOPLIST_FILE = YES;
				MARKETING_VERSION = 1.0;
				PRODUCT_BUNDLE_IDENTIFIER = com.kungminlin.SagaUITests;
				PRODUCT_NAME = "$(TARGET_NAME)";
				SWIFT_EMIT_LOC_STRINGS = NO;
				SWIFT_VERSION = 5.0;
				TARGETED_DEVICE_FAMILY = "1,2";
				TEST_TARGET_NAME = Saga;
			};
			name = Debug;
		};
		DD9B71262DFA6A510055324D /* Release */ = {
			isa = XCBuildConfiguration;
			buildSettings = {
				CODE_SIGN_STYLE = Automatic;
				CURRENT_PROJECT_VERSION = 1;
				DEVELOPMENT_TEAM = 3XC45YN296;
				GENERATE_INFOPLIST_FILE = YES;
				MARKETING_VERSION = 1.0;
				PRODUCT_BUNDLE_IDENTIFIER = com.kungminlin.SagaUITests;
				PRODUCT_NAME = "$(TARGET_NAME)";
				SWIFT_EMIT_LOC_STRINGS = NO;
				SWIFT_VERSION = 5.0;
				TARGETED_DEVICE_FAMILY = "1,2";
				TEST_TARGET_NAME = Saga;
			};
			name = Release;
		};
/* End XCBuildConfiguration section */

/* Begin XCConfigurationList section */
		DD9B70F52DFA6A500055324D /* Build configuration list for PBXProject "Saga" */ = {
			isa = XCConfigurationList;
			buildConfigurations = (
				DD9B711C2DFA6A510055324D /* Debug */,
				DD9B711D2DFA6A510055324D /* Release */,
			);
			defaultConfigurationIsVisible = 0;
			defaultConfigurationName = Release;
		};
		DD9B711E2DFA6A510055324D /* Build configuration list for PBXNativeTarget "Saga" */ = {
			isa = XCConfigurationList;
			buildConfigurations = (
				DD9B711F2DFA6A510055324D /* Debug */,
				DD9B71202DFA6A510055324D /* Release */,
			);
			defaultConfigurationIsVisible = 0;
			defaultConfigurationName = Release;
		};
		DD9B71212DFA6A510055324D /* Build configuration list for PBXNativeTarget "SagaTests" */ = {
			isa = XCConfigurationList;
			buildConfigurations = (
				DD9B71222DFA6A510055324D /* Debug */,
				DD9B71232DFA6A510055324D /* Release */,
			);
			defaultConfigurationIsVisible = 0;
			defaultConfigurationName = Release;
		};
		DD9B71242DFA6A510055324D /* Build configuration list for PBXNativeTarget "SagaUITests" */ = {
			isa = XCConfigurationList;
			buildConfigurations = (
				DD9B71252DFA6A510055324D /* Debug */,
				DD9B71262DFA6A510055324D /* Release */,
			);
			defaultConfigurationIsVisible = 0;
			defaultConfigurationName = Release;
		};
/* End XCConfigurationList section */

/* Begin XCRemoteSwiftPackageReference section */
		DD9B71842DFA779B0055324D /* XCRemoteSwiftPackageReference "GoogleSignIn-iOS" */ = {
			isa = XCRemoteSwiftPackageReference;
			repositoryURL = "https://github.com/google/GoogleSignIn-iOS";
			requirement = {
				kind = upToNextMajorVersion;
				minimumVersion = 8.0.0;
			};
		};
		DD9B71922DFA7CC00055324D /* XCRemoteSwiftPackageReference "supabase-swift" */ = {
			isa = XCRemoteSwiftPackageReference;
			repositoryURL = "https://github.com/supabase/supabase-swift";
			requirement = {
				kind = upToNextMajorVersion;
				minimumVersion = 2.5.1;
			};
		};
/* End XCRemoteSwiftPackageReference section */

/* Begin XCSwiftPackageProductDependency section */
		DD9B71852DFA779B0055324D /* GoogleSignIn */ = {
			isa = XCSwiftPackageProductDependency;
			package = DD9B71842DFA779B0055324D /* XCRemoteSwiftPackageReference "GoogleSignIn-iOS" */;
			productName = GoogleSignIn;
		};
		DD9B71872DFA779B0055324D /* GoogleSignInSwift */ = {
			isa = XCSwiftPackageProductDependency;
			package = DD9B71842DFA779B0055324D /* XCRemoteSwiftPackageReference "GoogleSignIn-iOS" */;
			productName = GoogleSignInSwift;
		};
		DD9B71932DFA7CC00055324D /* Auth */ = {
			isa = XCSwiftPackageProductDependency;
			package = DD9B71922DFA7CC00055324D /* XCRemoteSwiftPackageReference "supabase-swift" */;
			productName = Auth;
		};
		DD9B71952DFA7CC00055324D /* Functions */ = {
			isa = XCSwiftPackageProductDependency;
			package = DD9B71922DFA7CC00055324D /* XCRemoteSwiftPackageReference "supabase-swift" */;
			productName = Functions;
		};
		DD9B71972DFA7CC00055324D /* PostgREST */ = {
			isa = XCSwiftPackageProductDependency;
			package = DD9B71922DFA7CC00055324D /* XCRemoteSwiftPackageReference "supabase-swift" */;
			productName = PostgREST;
		};
		DD9B71992DFA7CC00055324D /* Realtime */ = {
			isa = XCSwiftPackageProductDependency;
			package = DD9B71922DFA7CC00055324D /* XCRemoteSwiftPackageReference "supabase-swift" */;
			productName = Realtime;
		};
		DD9B719B2DFA7CC00055324D /* Storage */ = {
			isa = XCSwiftPackageProductDependency;
			package = DD9B71922DFA7CC00055324D /* XCRemoteSwiftPackageReference "supabase-swift" */;
			productName = Storage;
		};
		DD9B719D2DFA7DA40055324D /* Supabase */ = {
			isa = XCSwiftPackageProductDependency;
			package = DD9B71922DFA7CC00055324D /* XCRemoteSwiftPackageReference "supabase-swift" */;
			productName = Supabase;
		};
/* End XCSwiftPackageProductDependency section */
	};
	rootObject = DD9B70F22DFA6A500055324D /* Project object */;
}
